# THIS IS AN AUTOGENERATED FILE. DO NOT EDIT THIS FILE DIRECTLY.
# yarn lockfile v1


"@tanstack/query-core@5.56.2":
  version "5.56.2"
  resolved "https://registry.yarnpkg.com/@tanstack/query-core/-/query-core-5.56.2.tgz#2def2fb0290cd2836bbb08afb0c175595bb8109b"
  integrity sha512-gor0RI3/R5rVV3gXfddh1MM+hgl0Z4G7tj6Xxpq6p2I03NGPaJ8dITY9Gz05zYYb/EJq9vPas/T4wn9EaDPd4Q==

"@tanstack/react-query@^5.56.2":
  version "5.56.2"
  resolved "https://registry.yarnpkg.com/@tanstack/react-query/-/react-query-5.56.2.tgz#3a0241b9d010910905382f5e99160997b8795f91"
  integrity sha512-SR0GzHVo6yzhN72pnRhkEFRAHMsUo5ZPzAxfTMvUxFIDVS6W9LYUp6nXW3fcHVdg0ZJl8opSH85jqahvm6DSVg==
  dependencies:
    "@tanstack/query-core" "5.56.2"

"@trpc/client@^10.45.2":
  version "10.45.2"
  resolved "https://registry.yarnpkg.com/@trpc/client/-/client-10.45.2.tgz#15f9ba81303bf3417083fc6bb742e4e86b49da90"
  integrity sha512-ykALM5kYWTLn1zYuUOZ2cPWlVfrXhc18HzBDyRhoPYN0jey4iQHEFSEowfnhg1RvYnrAVjNBgHNeSAXjrDbGwg==

"@trpc/react-query@^10.45.2":
  version "10.45.2"
  resolved "https://registry.yarnpkg.com/@trpc/react-query/-/react-query-10.45.2.tgz#22564b370a1fb8920ba3a1554f4149a151039198"
  integrity sha512-BAqb9bGZIscroradlNx+Cc9522R+idY3BOSf5z0jHUtkxdMbjeGKxSSMxxu7JzoLqSIEC+LVzL3VvF8sdDWaZQ==

"@trpc/server@^10.45.2":
  version "10.45.2"
  resolved "https://registry.yarnpkg.com/@trpc/server/-/server-10.45.2.tgz#5f2778c4810f93b5dc407146334f8da70a0b51fb"
  integrity sha512-wOrSThNNE4HUnuhJG6PfDRp4L2009KDVxsd+2VYH8ro6o/7/jwYZ8Uu5j+VaW+mOmc8EHerHzGcdbGNQSAUPgg==

typescript@^5.6.2:
  version "5.6.2"
  resolved "https://registry.yarnpkg.com/typescript/-/typescript-5.6.2.tgz#d1de67b6bef77c41823f822df8f0b3bcff60a5a0"
  integrity sha512-NW8ByodCSNCwZeghjN3o+JX5OFH0Ojg6sadjEKY4huZ52TqbJTJnDo5+Tw98lSy63NZvi4n+ez5m2u5d4PkZyw==

zod@^3.23.8:
  version "3.23.8"
  resolved "https://registry.yarnpkg.com/zod/-/zod-3.23.8.tgz#e37b957b5d52079769fb8097099b592f0ef4067d"
  integrity sha512-XBx9AXhXktjUqnepgTiE5flcKIYWi/rme0Eaj+5Y0lftuGBq+jyRu/md4WnuxqgP1ubdpNCsYEYPxrzVHD8d6g==
